// !$*UTF8*$!
{
	archiveVersion = 1;
	classes = {
	};
	objectVersion = 56;
	objects = {

/* Begin PBXBuildFile section */
		82DC836B2B0AD88A00D70927 /* AppDelegate.swift in Sources */ = {isa = PBXBuildFile; fileRef = 82DC836A2B0AD88A00D70927 /* AppDelegate.swift */; };
		82DC83722B0AD88A00D70927 /* Main.storyboard in Resources */ = {isa = PBXBuildFile; fileRef = 82DC83702B0AD88A00D70927 /* Main.storyboard */; };
		82DC83742B0AD88C00D70927 /* Assets.xcassets in Resources */ = {isa = PBXBuildFile; fileRef = 82DC83732B0AD88C00D70927 /* Assets.xcassets */; };
		82DC83772B0AD88C00D70927 /* LaunchScreen.storyboard in Resources */ = {isa = PBXBuildFile; fileRef = 82DC83752B0AD88C00D70927 /* LaunchScreen.storyboard */; };
		82DC83822B0AD88D00D70927 /* CCPlaygroundTests.swift in Sources */ = {isa = PBXBuildFile; fileRef = 82DC83812B0AD88D00D70927 /* CCPlaygroundTests.swift */; };
		82DC838C2B0AD88D00D70927 /* CCPlaygroundUITests.swift in Sources */ = {isa = PBXBuildFile; fileRef = 82DC838B2B0AD88D00D70927 /* CCPlaygroundUITests.swift */; };
		82DC838E2B0AD88D00D70927 /* CCPlaygroundUITestsLaunchTests.swift in Sources */ = {isa = PBXBuildFile; fileRef = 82DC838D2B0AD88D00D70927 /* CCPlaygroundUITestsLaunchTests.swift */; };
		82DC83A32B0AD8D200D70927 /* FirstViewController.swift in Sources */ = {isa = PBXBuildFile; fileRef = 82DC839B2B0AD8D200D70927 /* FirstViewController.swift */; };
		82DC83A42B0AD8D200D70927 /* SecondViewController.swift in Sources */ = {isa = PBXBuildFile; fileRef = 82DC839D2B0AD8D200D70927 /* SecondViewController.swift */; };
		82DC83A52B0AD8D200D70927 /* Utility.swift in Sources */ = {isa = PBXBuildFile; fileRef = 82DC839F2B0AD8D200D70927 /* Utility.swift */; };
		82DC83A62B0AD8D200D70927 /* HostingTableViewCell.swift in Sources */ = {isa = PBXBuildFile; fileRef = 82DC83A02B0AD8D200D70927 /* HostingTableViewCell.swift */; };
		82DC83A72B0AD8D200D70927 /* ThirdViewController.swift in Sources */ = {isa = PBXBuildFile; fileRef = 82DC83A22B0AD8D200D70927 /* ThirdViewController.swift */; };
		82DC83A92B0AD8F800D70927 /* RootTabBarController.swift in Sources */ = {isa = PBXBuildFile; fileRef = 82DC83A82B0AD8F800D70927 /* RootTabBarController.swift */; };
		82DC83AB2B0AD91C00D70927 /* SceneDelegate.swift in Sources */ = {isa = PBXBuildFile; fileRef = 82DC83AA2B0AD91C00D70927 /* SceneDelegate.swift */; };
/* End PBXBuildFile section */

/* Begin PBXContainerItemProxy section */
		82DC837E2B0AD88D00D70927 /* PBXContainerItemProxy */ = {
			isa = PBXContainerItemProxy;
			containerPortal = 82DC835F2B0AD88A00D70927 /* Project object */;
			proxyType = 1;
			remoteGlobalIDString = 82DC83662B0AD88A00D70927;
			remoteInfo = CCPlayground;
		};
		82DC83882B0AD88D00D70927 /* PBXContainerItemProxy */ = {
			isa = PBXContainerItemProxy;
			containerPortal = 82DC835F2B0AD88A00D70927 /* Project object */;
			proxyType = 1;
			remoteGlobalIDString = 82DC83662B0AD88A00D70927;
			remoteInfo = CCPlayground;
		};
/* End PBXContainerItemProxy section */

/* Begin PBXFileReference section */
		82DC83672B0AD88A00D70927 /* CCPlayground.app */ = {isa = PBXFileReference; explicitFileType = wrapper.application; includeInIndex = 0; path = CCPlayground.app; sourceTree = BUILT_PRODUCTS_DIR; };
		82DC836A2B0AD88A00D70927 /* AppDelegate.swift */ = {isa = PBXFileReference; lastKnownFileType = sourcecode.swift; path = AppDelegate.swift; sourceTree = "<group>"; };
		82DC83712B0AD88A00D70927 /* Base */ = {isa = PBXFileReference; lastKnownFileType = file.storyboard; name = Base; path = Base.lproj/Main.storyboard; sourceTree = "<group>"; };
		82DC83732B0AD88C00D70927 /* Assets.xcassets */ = {isa = PBXFileReference; lastKnownFileType = folder.assetcatalog; path = Assets.xcassets; sourceTree = "<group>"; };
		82DC83762B0AD88C00D70927 /* Base */ = {isa = PBXFileReference; lastKnownFileType = file.storyboard; name = Base; path = Base.lproj/LaunchScreen.storyboard; sourceTree = "<group>"; };
		82DC83782B0AD88C00D70927 /* Info.plist */ = {isa = PBXFileReference; lastKnownFileType = text.plist.xml; path = Info.plist; sourceTree = "<group>"; };
		82DC837D2B0AD88D00D70927 /* CCPlaygroundTests.xctest */ = {isa = PBXFileReference; explicitFileType = wrapper.cfbundle; includeInIndex = 0; path = CCPlaygroundTests.xctest; sourceTree = BUILT_PRODUCTS_DIR; };
		82DC83812B0AD88D00D70927 /* CCPlaygroundTests.swift */ = {isa = PBXFileReference; lastKnownFileType = sourcecode.swift; path = CCPlaygroundTests.swift; sourceTree = "<group>"; };
		82DC83872B0AD88D00D70927 /* CCPlaygroundUITests.xctest */ = {isa = PBXFileReference; explicitFileType = wrapper.cfbundle; includeInIndex = 0; path = CCPlaygroundUITests.xctest; sourceTree = BUILT_PRODUCTS_DIR; };
		82DC838B2B0AD88D00D70927 /* CCPlaygroundUITests.swift */ = {isa = PBXFileReference; lastKnownFileType = sourcecode.swift; path = CCPlaygroundUITests.swift; sourceTree = "<group>"; };
		82DC838D2B0AD88D00D70927 /* CCPlaygroundUITestsLaunchTests.swift */ = {isa = PBXFileReference; lastKnownFileType = sourcecode.swift; path = CCPlaygroundUITestsLaunchTests.swift; sourceTree = "<group>"; };
		82DC839B2B0AD8D200D70927 /* FirstViewController.swift */ = {isa = PBXFileReference; fileEncoding = 4; lastKnownFileType = sourcecode.swift; path = FirstViewController.swift; sourceTree = "<group>"; };
		82DC839D2B0AD8D200D70927 /* SecondViewController.swift */ = {isa = PBXFileReference; fileEncoding = 4; lastKnownFileType = sourcecode.swift; path = SecondViewController.swift; sourceTree = "<group>"; };
		82DC839F2B0AD8D200D70927 /* Utility.swift */ = {isa = PBXFileReference; fileEncoding = 4; lastKnownFileType = sourcecode.swift; path = Utility.swift; sourceTree = "<group>"; };
		82DC83A02B0AD8D200D70927 /* HostingTableViewCell.swift */ = {isa = PBXFileReference; fileEncoding = 4; lastKnownFileType = sourcecode.swift; path = HostingTableViewCell.swift; sourceTree = "<group>"; };
		82DC83A22B0AD8D200D70927 /* ThirdViewController.swift */ = {isa = PBXFileReference; fileEncoding = 4; lastKnownFileType = sourcecode.swift; path = ThirdViewController.swift; sourceTree = "<group>"; };
		82DC83A82B0AD8F800D70927 /* RootTabBarController.swift */ = {isa = PBXFileReference; fileEncoding = 4; lastKnownFileType = sourcecode.swift; path = RootTabBarController.swift; sourceTree = "<group>"; };
		82DC83AA2B0AD91C00D70927 /* SceneDelegate.swift */ = {isa = PBXFileReference; fileEncoding = 4; lastKnownFileType = sourcecode.swift; path = SceneDelegate.swift; sourceTree = "<group>"; };
/* End PBXFileReference section */

/* Begin PBXFrameworksBuildPhase section */
		82DC83642B0AD88A00D70927 /* Frameworks */ = {
			isa = PBXFrameworksBuildPhase;
			buildActionMask = 2147483647;
			files = (
			);
			runOnlyForDeploymentPostprocessing = 0;
		};
		82DC837A2B0AD88D00D70927 /* Frameworks */ = {
			isa = PBXFrameworksBuildPhase;
			buildActionMask = 2147483647;
			files = (
			);
			runOnlyForDeploymentPostprocessing = 0;
		};
		82DC83842B0AD88D00D70927 /* Frameworks */ = {
			isa = PBXFrameworksBuildPhase;
			buildActionMask = 2147483647;
			files = (
			);
			runOnlyForDeploymentPostprocessing = 0;
		};
/* End PBXFrameworksBuildPhase section */

/* Begin PBXGroup section */
		82DC835E2B0AD88A00D70927 = {
			isa = PBXGroup;
			children = (
				82DC83692B0AD88A00D70927 /* CCPlayground */,
				82DC83802B0AD88D00D70927 /* CCPlaygroundTests */,
				82DC838A2B0AD88D00D70927 /* CCPlaygroundUITests */,
				82DC83682B0AD88A00D70927 /* Products */,
			);
			sourceTree = "<group>";
		};
		82DC83682B0AD88A00D70927 /* Products */ = {
			isa = PBXGroup;
			children = (
				82DC83672B0AD88A00D70927 /* CCPlayground.app */,
				82DC837D2B0AD88D00D70927 /* CCPlaygroundTests.xctest */,
				82DC83872B0AD88D00D70927 /* CCPlaygroundUITests.xctest */,
			);
			name = Products;
			sourceTree = "<group>";
		};
		82DC83692B0AD88A00D70927 /* CCPlayground */ = {
			isa = PBXGroup;
			children = (
				82DC836A2B0AD88A00D70927 /* AppDelegate.swift */,
				82DC83AA2B0AD91C00D70927 /* SceneDelegate.swift */,
				82DC83A82B0AD8F800D70927 /* RootTabBarController.swift */,
				82DC839A2B0AD8D200D70927 /* First */,
				82DC839C2B0AD8D200D70927 /* Second */,
				82DC83A12B0AD8D200D70927 /* Third */,
				82DC839E2B0AD8D200D70927 /* Helper */,
				82DC83702B0AD88A00D70927 /* Main.storyboard */,
				82DC83732B0AD88C00D70927 /* Assets.xcassets */,
				82DC83752B0AD88C00D70927 /* LaunchScreen.storyboard */,
				82DC83782B0AD88C00D70927 /* Info.plist */,
			);
			path = CCPlayground;
			sourceTree = "<group>";
		};
		82DC83802B0AD88D00D70927 /* CCPlaygroundTests */ = {
			isa = PBXGroup;
			children = (
				82DC83812B0AD88D00D70927 /* CCPlaygroundTests.swift */,
			);
			path = CCPlaygroundTests;
			sourceTree = "<group>";
		};
		82DC838A2B0AD88D00D70927 /* CCPlaygroundUITests */ = {
			isa = PBXGroup;
			children = (
				82DC838B2B0AD88D00D70927 /* CCPlaygroundUITests.swift */,
				82DC838D2B0AD88D00D70927 /* CCPlaygroundUITestsLaunchTests.swift */,
			);
			path = CCPlaygroundUITests;
			sourceTree = "<group>";
		};
		82DC839A2B0AD8D200D70927 /* First */ = {
			isa = PBXGroup;
			children = (
				82DC839B2B0AD8D200D70927 /* FirstViewController.swift */,
			);
			path = First;
			sourceTree = "<group>";
		};
		82DC839C2B0AD8D200D70927 /* Second */ = {
			isa = PBXGroup;
			children = (
				82DC839D2B0AD8D200D70927 /* SecondViewController.swift */,
			);
			path = Second;
			sourceTree = "<group>";
		};
		82DC839E2B0AD8D200D70927 /* Helper */ = {
			isa = PBXGroup;
			children = (
				82DC839F2B0AD8D200D70927 /* Utility.swift */,
				82DC83A02B0AD8D200D70927 /* HostingTableViewCell.swift */,
			);
			path = Helper;
			sourceTree = "<group>";
		};
		82DC83A12B0AD8D200D70927 /* Third */ = {
			isa = PBXGroup;
			children = (
				82DC83A22B0AD8D200D70927 /* ThirdViewController.swift */,
			);
			path = Third;
			sourceTree = "<group>";
		};
/* End PBXGroup section */

/* Begin PBXNativeTarget section */
		82DC83662B0AD88A00D70927 /* CCPlayground */ = {
			isa = PBXNativeTarget;
			buildConfigurationList = 82DC83912B0AD88D00D70927 /* Build configuration list for PBXNativeTarget "CCPlayground" */;
			buildPhases = (
				82DC83632B0AD88A00D70927 /* Sources */,
				82DC83642B0AD88A00D70927 /* Frameworks */,
				82DC83652B0AD88A00D70927 /* Resources */,
			);
			buildRules = (
			);
			dependencies = (
			);
			name = CCPlayground;
			productName = CCPlayground;
			productReference = 82DC83672B0AD88A00D70927 /* CCPlayground.app */;
			productType = "com.apple.product-type.application";
		};
		82DC837C2B0AD88D00D70927 /* CCPlaygroundTests */ = {
			isa = PBXNativeTarget;
			buildConfigurationList = 82DC83942B0AD88D00D70927 /* Build configuration list for PBXNativeTarget "CCPlaygroundTests" */;
			buildPhases = (
				82DC83792B0AD88D00D70927 /* Sources */,
				82DC837A2B0AD88D00D70927 /* Frameworks */,
				82DC837B2B0AD88D00D70927 /* Resources */,
			);
			buildRules = (
			);
			dependencies = (
				82DC837F2B0AD88D00D70927 /* PBXTargetDependency */,
			);
			name = CCPlaygroundTests;
			productName = CCPlaygroundTests;
			productReference = 82DC837D2B0AD88D00D70927 /* CCPlaygroundTests.xctest */;
			productType = "com.apple.product-type.bundle.unit-test";
		};
		82DC83862B0AD88D00D70927 /* CCPlaygroundUITests */ = {
			isa = PBXNativeTarget;
			buildConfigurationList = 82DC83972B0AD88D00D70927 /* Build configuration list for PBXNativeTarget "CCPlaygroundUITests" */;
			buildPhases = (
				82DC83832B0AD88D00D70927 /* Sources */,
				82DC83842B0AD88D00D70927 /* Frameworks */,
				82DC83852B0AD88D00D70927 /* Resources */,
			);
			buildRules = (
			);
			dependencies = (
				82DC83892B0AD88D00D70927 /* PBXTargetDependency */,
			);
			name = CCPlaygroundUITests;
			productName = CCPlaygroundUITests;
			productReference = 82DC83872B0AD88D00D70927 /* CCPlaygroundUITests.xctest */;
			productType = "com.apple.product-type.bundle.ui-testing";
		};
/* End PBXNativeTarget section */

/* Begin PBXProject section */
		82DC835F2B0AD88A00D70927 /* Project object */ = {
			isa = PBXProject;
			attributes = {
				BuildIndependentTargetsInParallel = 1;
				LastSwiftUpdateCheck = 1500;
				LastUpgradeCheck = 1500;
				TargetAttributes = {
					82DC83662B0AD88A00D70927 = {
						CreatedOnToolsVersion = 15.0.1;
					};
					82DC837C2B0AD88D00D70927 = {
						CreatedOnToolsVersion = 15.0.1;
						TestTargetID = 82DC83662B0AD88A00D70927;
					};
					82DC83862B0AD88D00D70927 = {
						CreatedOnToolsVersion = 15.0.1;
						TestTargetID = 82DC83662B0AD88A00D70927;
					};
				};
			};
			buildConfigurationList = 82DC83622B0AD88A00D70927 /* Build configuration list for PBXProject "CCPlayground" */;
			compatibilityVersion = "Xcode 14.0";
			developmentRegion = en;
			hasScannedForEncodings = 0;
			knownRegions = (
				en,
				Base,
			);
			mainGroup = 82DC835E2B0AD88A00D70927;
			productRefGroup = 82DC83682B0AD88A00D70927 /* Products */;
			projectDirPath = "";
			projectRoot = "";
			targets = (
				82DC83662B0AD88A00D70927 /* CCPlayground */,
				82DC837C2B0AD88D00D70927 /* CCPlaygroundTests */,
				82DC83862B0AD88D00D70927 /* CCPlaygroundUITests */,
			);
		};
/* End PBXProject section */

/* Begin PBXResourcesBuildPhase section */
		82DC83652B0AD88A00D70927 /* Resources */ = {
			isa = PBXResourcesBuildPhase;
			buildActionMask = 2147483647;
			files = (
				82DC83772B0AD88C00D70927 /* LaunchScreen.storyboard in Resources */,
				82DC83742B0AD88C00D70927 /* Assets.xcassets in Resources */,
				82DC83722B0AD88A00D70927 /* Main.storyboard in Resources */,
			);
			runOnlyForDeploymentPostprocessing = 0;
		};
		82DC837B2B0AD88D00D70927 /* Resources */ = {
			isa = PBXResourcesBuildPhase;
			buildActionMask = 2147483647;
			files = (
			);
			runOnlyForDeploymentPostprocessing = 0;
		};
		82DC83852B0AD88D00D70927 /* Resources */ = {
			isa = PBXResourcesBuildPhase;
			buildActionMask = 2147483647;
			files = (
			);
			runOnlyForDeploymentPostprocessing = 0;
		};
/* End PBXResourcesBuildPhase section */

/* Begin PBXSourcesBuildPhase section */
		82DC83632B0AD88A00D70927 /* Sources */ = {
			isa = PBXSourcesBuildPhase;
			buildActionMask = 2147483647;
			files = (
				82DC83A92B0AD8F800D70927 /* RootTabBarController.swift in Sources */,
				82DC83AB2B0AD91C00D70927 /* SceneDelegate.swift in Sources */,
				82DC836B2B0AD88A00D70927 /* AppDelegate.swift in Sources */,
				82DC83A52B0AD8D200D70927 /* Utility.swift in Sources */,
				82DC83A62B0AD8D200D70927 /* HostingTableViewCell.swift in Sources */,
				82DC83A42B0AD8D200D70927 /* SecondViewController.swift in Sources */,
				82DC83A72B0AD8D200D70927 /* ThirdViewController.swift in Sources */,
				82DC83A32B0AD8D200D70927 /* FirstViewController.swift in Sources */,
			);
			runOnlyForDeploymentPostprocessing = 0;
		};
		82DC83792B0AD88D00D70927 /* Sources */ = {
			isa = PBXSourcesBuildPhase;
			buildActionMask = 2147483647;
			files = (
				82DC83822B0AD88D00D70927 /* CCPlaygroundTests.swift in Sources */,
			);
			runOnlyForDeploymentPostprocessing = 0;
		};
		82DC83832B0AD88D00D70927 /* Sources */ = {
			isa = PBXSourcesBuildPhase;
			buildActionMask = 2147483647;
			files = (
				82DC838C2B0AD88D00D70927 /* CCPlaygroundUITests.swift in Sources */,
				82DC838E2B0AD88D00D70927 /* CCPlaygroundUITestsLaunchTests.swift in Sources */,
			);
			runOnlyForDeploymentPostprocessing = 0;
		};
/* End PBXSourcesBuildPhase section */

/* Begin PBXTargetDependency section */
		82DC837F2B0AD88D00D70927 /* PBXTargetDependency */ = {
			isa = PBXTargetDependency;
			target = 82DC83662B0AD88A00D70927 /* CCPlayground */;
			targetProxy = 82DC837E2B0AD88D00D70927 /* PBXContainerItemProxy */;
		};
		82DC83892B0AD88D00D70927 /* PBXTargetDependency */ = {
			isa = PBXTargetDependency;
			target = 82DC83662B0AD88A00D70927 /* CCPlayground */;
			targetProxy = 82DC83882B0AD88D00D70927 /* PBXContainerItemProxy */;
		};
/* End PBXTargetDependency section */

/* Begin PBXVariantGroup section */
		82DC83702B0AD88A00D70927 /* Main.storyboard */ = {
			isa = PBXVariantGroup;
			children = (
				82DC83712B0AD88A00D70927 /* Base */,
			);
			name = Main.storyboard;
			sourceTree = "<group>";
		};
		82DC83752B0AD88C00D70927 /* LaunchScreen.storyboard */ = {
			isa = PBXVariantGroup;
			children = (
				82DC83762B0AD88C00D70927 /* Base */,
			);
			name = LaunchScreen.storyboard;
			sourceTree = "<group>";
		};
/* End PBXVariantGroup section */

/* Begin XCBuildConfiguration section */
		82DC838F2B0AD88D00D70927 /* Debug */ = {
			isa = XCBuildConfiguration;
			buildSettings = {
				ALWAYS_SEARCH_USER_PATHS = NO;
				ASSETCATALOG_COMPILER_GENERATE_SWIFT_ASSET_SYMBOL_EXTENSIONS = YES;
				CLANG_ANALYZER_NONNULL = YES;
				CLANG_ANALYZER_NUMBER_OBJECT_CONVERSION = YES_AGGRESSIVE;
				CLANG_CXX_LANGUAGE_STANDARD = "gnu++20";
				CLANG_ENABLE_MODULES = YES;
				CLANG_ENABLE_OBJC_ARC = YES;
				CLANG_ENABLE_OBJC_WEAK = YES;
				CLANG_WARN_BLOCK_CAPTURE_AUTORELEASING = YES;
				CLANG_WARN_BOOL_CONVERSION = YES;
				CLANG_WARN_COMMA = YES;
				CLANG_WARN_CONSTANT_CONVERSION = YES;
				CLANG_WARN_DEPRECATED_OBJC_IMPLEMENTATIONS = YES;
				CLANG_WARN_DIRECT_OBJC_ISA_USAGE = YES_ERROR;
				CLANG_WARN_DOCUMENTATION_COMMENTS = YES;
				CLANG_WARN_EMPTY_BODY = YES;
				CLANG_WARN_ENUM_CONVERSION = YES;
				CLANG_WARN_INFINITE_RECURSION = YES;
				CLANG_WARN_INT_CONVERSION = YES;
				CLANG_WARN_NON_LITERAL_NULL_CONVERSION = YES;
				CLANG_WARN_OBJC_IMPLICIT_RETAIN_SELF = YES;
				CLANG_WARN_OBJC_LITERAL_CONVERSION = YES;
				CLANG_WARN_OBJC_ROOT_CLASS = YES_ERROR;
				CLANG_WARN_QUOTED_INCLUDE_IN_FRAMEWORK_HEADER = YES;
				CLANG_WARN_RANGE_LOOP_ANALYSIS = YES;
				CLANG_WARN_STRICT_PROTOTYPES = YES;
				CLANG_WARN_SUSPICIOUS_MOVE = YES;
				CLANG_WARN_UNGUARDED_AVAILABILITY = YES_AGGRESSIVE;
				CLANG_WARN_UNREACHABLE_CODE = YES;
				CLANG_WARN__DUPLICATE_METHOD_MATCH = YES;
				COPY_PHASE_STRIP = NO;
				DEBUG_INFORMATION_FORMAT = dwarf;
				ENABLE_STRICT_OBJC_MSGSEND = YES;
				ENABLE_TESTABILITY = YES;
				ENABLE_USER_SCRIPT_SANDBOXING = YES;
				GCC_C_LANGUAGE_STANDARD = gnu17;
				GCC_DYNAMIC_NO_PIC = NO;
				GCC_NO_COMMON_BLOCKS = YES;
				GCC_OPTIMIZATION_LEVEL = 0;
				GCC_PREPROCESSOR_DEFINITIONS = (
					"DEBUG=1",
					"$(inherited)",
				);
				GCC_WARN_64_TO_32_BIT_CONVERSION = YES;
				GCC_WARN_ABOUT_RETURN_TYPE = YES_ERROR;
				GCC_WARN_UNDECLARED_SELECTOR = YES;
				GCC_WARN_UNINITIALIZED_AUTOS = YES_AGGRESSIVE;
				GCC_WARN_UNUSED_FUNCTION = YES;
				GCC_WARN_UNUSED_VARIABLE = YES;
				IPHONEOS_DEPLOYMENT_TARGET = 16.0;
				LOCALIZATION_PREFERS_STRING_CATALOGS = YES;
				MTL_ENABLE_DEBUG_INFO = INCLUDE_SOURCE;
				MTL_FAST_MATH = YES;
				ONLY_ACTIVE_ARCH = YES;
				SDKROOT = iphoneos;
				SWIFT_ACTIVE_COMPILATION_CONDITIONS = "DEBUG $(inherited)";
				SWIFT_OPTIMIZATION_LEVEL = "-Onone";
			};
			name = Debug;
		};
		82DC83902B0AD88D00D70927 /* Release */ = {
			isa = XCBuildConfiguration;
			buildSettings = {
				ALWAYS_SEARCH_USER_PATHS = NO;
				ASSETCATALOG_COMPILER_GENERATE_SWIFT_ASSET_SYMBOL_EXTENSIONS = YES;
				CLANG_ANALYZER_NONNULL = YES;
				CLANG_ANALYZER_NUMBER_OBJECT_CONVERSION = YES_AGGRESSIVE;
				CLANG_CXX_LANGUAGE_STANDARD = "gnu++20";
				CLANG_ENABLE_MODULES = YES;
				CLANG_ENABLE_OBJC_ARC = YES;
				CLANG_ENABLE_OBJC_WEAK = YES;
				CLANG_WARN_BLOCK_CAPTURE_AUTORELEASING = YES;
				CLANG_WARN_BOOL_CONVERSION = YES;
				CLANG_WARN_COMMA = YES;
				CLANG_WARN_CONSTANT_CONVERSION = YES;
				CLANG_WARN_DEPRECATED_OBJC_IMPLEMENTATIONS = YES;
				CLANG_WARN_DIRECT_OBJC_ISA_USAGE = YES_ERROR;
				CLANG_WARN_DOCUMENTATION_COMMENTS = YES;
				CLANG_WARN_EMPTY_BODY = YES;
				CLANG_WARN_ENUM_CONVERSION = YES;
				CLANG_WARN_INFINITE_RECURSION = YES;
				CLANG_WARN_INT_CONVERSION = YES;
				CLANG_WARN_NON_LITERAL_NULL_CONVERSION = YES;
				CLANG_WARN_OBJC_IMPLICIT_RETAIN_SELF = YES;
				CLANG_WARN_OBJC_LITERAL_CONVERSION = YES;
				CLANG_WARN_OBJC_ROOT_CLASS = YES_ERROR;
				CLANG_WARN_QUOTED_INCLUDE_IN_FRAMEWORK_HEADER = YES;
				CLANG_WARN_RANGE_LOOP_ANALYSIS = YES;
				CLANG_WARN_STRICT_PROTOTYPES = YES;
				CLANG_WARN_SUSPICIOUS_MOVE = YES;
				CLANG_WARN_UNGUARDED_AVAILABILITY = YES_AGGRESSIVE;
				CLANG_WARN_UNREACHABLE_CODE = YES;
				CLANG_WARN__DUPLICATE_METHOD_MATCH = YES;
				COPY_PHASE_STRIP = NO;
				DEBUG_INFORMATION_FORMAT = "dwarf-with-dsym";
				ENABLE_NS_ASSERTIONS = NO;
				ENABLE_STRICT_OBJC_MSGSEND = YES;
				ENABLE_USER_SCRIPT_SANDBOXING = YES;
				GCC_C_LANGUAGE_STANDARD = gnu17;
				GCC_NO_COMMON_BLOCKS = YES;
				GCC_WARN_64_TO_32_BIT_CONVERSION = YES;
				GCC_WARN_ABOUT_RETURN_TYPE = YES_ERROR;
				GCC_WARN_UNDECLARED_SELECTOR = YES;
				GCC_WARN_UNINITIALIZED_AUTOS = YES_AGGRESSIVE;
				GCC_WARN_UNUSED_FUNCTION = YES;
				GCC_WARN_UNUSED_VARIABLE = YES;
				IPHONEOS_DEPLOYMENT_TARGET = 16.0;
				LOCALIZATION_PREFERS_STRING_CATALOGS = YES;
				MTL_ENABLE_DEBUG_INFO = NO;
				MTL_FAST_MATH = YES;
				SDKROOT = iphoneos;
				SWIFT_COMPILATION_MODE = wholemodule;
				VALIDATE_PRODUCT = YES;
			};
			name = Release;
		};
		82DC83922B0AD88D00D70927 /* Debug */ = {
			isa = XCBuildConfiguration;
			buildSettings = {
				ASSETCATALOG_COMPILER_APPICON_NAME = AppIcon;
				ASSETCATALOG_COMPILER_GLOBAL_ACCENT_COLOR_NAME = AccentColor;
				CODE_SIGN_IDENTITY = "Apple Development";
				CODE_SIGN_STYLE = Automatic;
				CURRENT_PROJECT_VERSION = 1;
				DEVELOPMENT_TEAM = KH5SPZQULW;
				GENERATE_INFOPLIST_FILE = YES;
				INFOPLIST_FILE = CCPlayground/Info.plist;
				INFOPLIST_KEY_UIApplicationSupportsIndirectInputEvents = YES;
				INFOPLIST_KEY_UILaunchStoryboardName = LaunchScreen;
				INFOPLIST_KEY_UIMainStoryboardFile = Main;
				INFOPLIST_KEY_UISupportedInterfaceOrientations_iPad = "UIInterfaceOrientationPortrait UIInterfaceOrientationPortraitUpsideDown UIInterfaceOrientationLandscapeLeft UIInterfaceOrientationLandscapeRight";
				INFOPLIST_KEY_UISupportedInterfaceOrientations_iPhone = "UIInterfaceOrientationPortrait UIInterfaceOrientationLandscapeLeft UIInterfaceOrientationLandscapeRight";
				IPHONEOS_DEPLOYMENT_TARGET = 16.0;
				LD_RUNPATH_SEARCH_PATHS = (
					"$(inherited)",
					"@executable_path/Frameworks",
				);
				MARKETING_VERSION = 1.0;
				PRODUCT_BUNDLE_IDENTIFIER = com.home.CCPlayground;
				PRODUCT_NAME = "$(TARGET_NAME)";
				PROVISIONING_PROFILE_SPECIFIER = "";
				SWIFT_EMIT_LOC_STRINGS = YES;
				SWIFT_VERSION = 5.0;
				TARGETED_DEVICE_FAMILY = "1,2";
			};
			name = Debug;
		};
		82DC83932B0AD88D00D70927 /* Release */ = {
			isa = XCBuildConfiguration;
			buildSettings = {
				ASSETCATALOG_COMPILER_APPICON_NAME = AppIcon;
				ASSETCATALOG_COMPILER_GLOBAL_ACCENT_COLOR_NAME = AccentColor;
				CODE_SIGN_IDENTITY = "Apple Development";
				CODE_SIGN_STYLE = Automatic;
				CURRENT_PROJECT_VERSION = 1;
				DEVELOPMENT_TEAM = KH5SPZQULW;
				GENERATE_INFOPLIST_FILE = YES;
				INFOPLIST_FILE = CCPlayground/Info.plist;
				INFOPLIST_KEY_UIApplicationSupportsIndirectInputEvents = YES;
				INFOPLIST_KEY_UILaunchStoryboardName = LaunchScreen;
				INFOPLIST_KEY_UIMainStoryboardFile = Main;
				INFOPLIST_KEY_UISupportedInterfaceOrientations_iPad = "UIInterfaceOrientationPortrait UIInterfaceOrientationPortraitUpsideDown UIInterfaceOrientationLandscapeLeft UIInterfaceOrientationLandscapeRight";
				INFOPLIST_KEY_UISupportedInterfaceOrientations_iPhone = "UIInterfaceOrientationPortrait UIInterfaceOrientationLandscapeLeft UIInterfaceOrientationLandscapeRight";
				IPHONEOS_DEPLOYMENT_TARGET = 16.0;
				LD_RUNPATH_SEARCH_PATHS = (
					"$(inherited)",
					"@executable_path/Frameworks",
				);
				MARKETING_VERSION = 1.0;
				PRODUCT_BUNDLE_IDENTIFIER = com.home.CCPlayground;
				PRODUCT_NAME = "$(TARGET_NAME)";
				PROVISIONING_PROFILE_SPECIFIER = "";
				SWIFT_EMIT_LOC_STRINGS = YES;
				SWIFT_VERSION = 5.0;
				TARGETED_DEVICE_FAMILY = "1,2";
			};
			name = Release;
		};
		82DC83952B0AD88D00D70927 /* Debug */ = {
			isa = XCBuildConfiguration;
			buildSettings = {
				ALWAYS_EMBED_SWIFT_STANDARD_LIBRARIES = YES;
				BUNDLE_LOADER = "$(TEST_HOST)";
				CODE_SIGN_STYLE = Automatic;
				CURRENT_PROJECT_VERSION = 1;
				DEVELOPMENT_TEAM = KH5SPZQULW;
				GENERATE_INFOPLIST_FILE = YES;
				IPHONEOS_DEPLOYMENT_TARGET = 16.0;
				MARKETING_VERSION = 1.0;
				PRODUCT_BUNDLE_IDENTIFIER = com.home.CCPlaygroundTests;
				PRODUCT_NAME = "$(TARGET_NAME)";
				SWIFT_EMIT_LOC_STRINGS = NO;
				SWIFT_VERSION = 5.0;
				TARGETED_DEVICE_FAMILY = "1,2";
				TEST_HOST = "$(BUILT_PRODUCTS_DIR)/CCPlayground.app/$(BUNDLE_EXECUTABLE_FOLDER_PATH)/CCPlayground";
			};
			name = Debug;
		};
		82DC83962B0AD88D00D70927 /* Release */ = {
			isa = XCBuildConfiguration;
			buildSettings = {
				ALWAYS_EMBED_SWIFT_STANDARD_LIBRARIES = YES;
				BUNDLE_LOADER = "$(TEST_HOST)";
				CODE_SIGN_STYLE = Automatic;
				CURRENT_PROJECT_VERSION = 1;
				DEVELOPMENT_TEAM = KH5SPZQULW;
				GENERATE_INFOPLIST_FILE = YES;
				IPHONEOS_DEPLOYMENT_TARGET = 16.0;
				MARKETING_VERSION = 1.0;
				PRODUCT_BUNDLE_IDENTIFIER = com.home.CCPlaygroundTests;
				PRODUCT_NAME = "$(TARGET_NAME)";
				SWIFT_EMIT_LOC_STRINGS = NO;
				SWIFT_VERSION = 5.0;
				TARGETED_DEVICE_FAMILY = "1,2";
				TEST_HOST = "$(BUILT_PRODUCTS_DIR)/CCPlayground.app/$(BUNDLE_EXECUTABLE_FOLDER_PATH)/CCPlayground";
			};
			name = Release;
		};
		82DC83982B0AD88D00D70927 /* Debug */ = {
			isa = XCBuildConfiguration;
			buildSettings = {
				ALWAYS_EMBED_SWIFT_STANDARD_LIBRARIES = YES;
				CODE_SIGN_STYLE = Automatic;
				CURRENT_PROJECT_VERSION = 1;
				DEVELOPMENT_TEAM = KH5SPZQULW;
				GENERATE_INFOPLIST_FILE = YES;
				MARKETING_VERSION = 1.0;
				PRODUCT_BUNDLE_IDENTIFIER = com.home.CCPlaygroundUITests;
				PRODUCT_NAME = "$(TARGET_NAME)";
				SWIFT_EMIT_LOC_STRINGS = NO;
				SWIFT_VERSION = 5.0;
				TARGETED_DEVICE_FAMILY = "1,2";
				TEST_TARGET_NAME = CCPlayground;
			};
			name = Debug;
		};
		82DC83992B0AD88D00D70927 /* Release */ = {
			isa = XCBuildConfiguration;
			buildSettings = {
				ALWAYS_EMBED_SWIFT_STANDARD_LIBRARIES = YES;
				CODE_SIGN_STYLE = Automatic;
				CURRENT_PROJECT_VERSION = 1;
				DEVELOPMENT_TEAM = KH5SPZQULW;
				GENERATE_INFOPLIST_FILE = YES;
				MARKETING_VERSION = 1.0;
				PRODUCT_BUNDLE_IDENTIFIER = com.home.CCPlaygroundUITests;
				PRODUCT_NAME = "$(TARGET_NAME)";
				SWIFT_EMIT_LOC_STRINGS = NO;
				SWIFT_VERSION = 5.0;
				TARGETED_DEVICE_FAMILY = "1,2";
				TEST_TARGET_NAME = CCPlayground;
			};
			name = Release;
		};
/* End XCBuildConfiguration section */

/* Begin XCConfigurationList section */
		82DC83622B0AD88A00D70927 /* Build configuration list for PBXProject "CCPlayground" */ = {
			isa = XCConfigurationList;
			buildConfigurations = (
				82DC838F2B0AD88D00D70927 /* Debug */,
				82DC83902B0AD88D00D70927 /* Release */,
			);
			defaultConfigurationIsVisible = 0;
			defaultConfigurationName = Release;
		};
		82DC83912B0AD88D00D70927 /* Build configuration list for PBXNativeTarget "CCPlayground" */ = {
			isa = XCConfigurationList;
			buildConfigurations = (
				82DC83922B0AD88D00D70927 /* Debug */,
				82DC83932B0AD88D00D70927 /* Release */,
			);
			defaultConfigurationIsVisible = 0;
			defaultConfigurationName = Release;
		};
		82DC83942B0AD88D00D70927 /* Build configuration list for PBXNativeTarget "CCPlaygroundTests" */ = {
			isa = XCConfigurationList;
			buildConfigurations = (
				82DC83952B0AD88D00D70927 /* Debug */,
				82DC83962B0AD88D00D70927 /* Release */,
			);
			defaultConfigurationIsVisible = 0;
			defaultConfigurationName = Release;
		};
		82DC83972B0AD88D00D70927 /* Build configuration list for PBXNativeTarget "CCPlaygroundUITests" */ = {
			isa = XCConfigurationList;
			buildConfigurations = (
				82DC83982B0AD88D00D70927 /* Debug */,
				82DC83992B0AD88D00D70927 /* Release */,
			);
			defaultConfigurationIsVisible = 0;
			defaultConfigurationName = Release;
		};
/* End XCConfigurationList section */
	};
	rootObject = 82DC835F2B0AD88A00D70927 /* Project object */;
}
